
Microsoft Visual Studio Solution File, Format Version 12.00
# Visual Studio Version 17
VisualStudioVersion = 17.11.35312.102
MinimumVisualStudioVersion = 10.0.40219.1
Project("{FAE04EC0-301F-11D3-BF4B-00C04F79EFBC}") = "Zork", "Zork\Zork.csproj", "{BDBF95DE-6DB9-4CC7-8113-6E2F175B518D}"
EndProject
Global
	GlobalSection(SolutionConfigurationPlatforms) = preSolution
		Debug|Any CPU = Debug|Any CPU
		Release|Any CPU = Release|Any CPU
	EndGlobalSection
	GlobalSection(ProjectConfigurationPlatforms) = postSolution
		{BDBF95DE-6DB9-4CC7-8113-6E2F175B518D}.Debug|Any CPU.ActiveCfg = Debug|Any CPU
		{BDBF95DE-6DB9-4CC7-8113-6E2F175B518D}.Debug|Any CPU.Build.0 = Debug|Any CPU
		{BDBF95DE-6DB9-4CC7-8113-6E2F175B518D}.Release|Any CPU.ActiveCfg = Release|Any CPU
		{BDBF95DE-6DB9-4CC7-8113-6E2F175B518D}.Release|Any CPU.Build.0 = Release|Any CPU
	EndGlobalSection
	GlobalSection(SolutionProperties) = preSolution
		HideSolutionNode = FALSE
	EndGlobalSection
	GlobalSection(ExtensibilityGlobals) = postSolution
		SolutionGuid = {493D5214-E832-4531-8B45-2F13F1FFACA6}
	EndGlobalSection
EndGlobal
